Microsoft Visual Studio Solution File, Format Version 12.00
# Visual Studio Version 17
VisualStudioVersion = 17.5.2.0
MinimumVisualStudioVersion = 10.0.40219.1
Project("{FAE04EC0-301F-11D3-BF4B-00C04F79EFBC}") = "MyMarketplaceApp", "MyMarketplaceApp\MyMarketplaceApp.csproj", "{DC68EBAF-4D0B-315A-C31F-1DEA8D1AE019}"
EndProject
Global
	GlobalSection(SolutionConfigurationPlatforms) = preSolution
		Debug|Any CPU = Debug|Any CPU
		Release|Any CPU = Release|Any CPU
	EndGlobalSection
	GlobalSection(ProjectConfigurationPlatforms) = postSolution
		{DC68EBAF-4D0B-315A-C31F-1DEA8D1AE019}.Debug|Any CPU.ActiveCfg = Debug|Any CPU
		{DC68EBAF-4D0B-315A-C31F-1DEA8D1AE019}.Debug|Any CPU.Build.0 = Debug|Any CPU
		{DC68EBAF-4D0B-315A-C31F-1DEA8D1AE019}.Release|Any CPU.ActiveCfg = Release|Any CPU
		{DC68EBAF-4D0B-315A-C31F-1DEA8D1AE019}.Release|Any CPU.Build.0 = Release|Any CPU
	EndGlobalSection
	GlobalSection(SolutionProperties) = preSolution
		HideSolutionNode = FALSE
	EndGlobalSection
	GlobalSection(ExtensibilityGlobals) = postSolution
		SolutionGuid = {E3F4764A-80AB-48C3-9292-392EF88491AA}
	EndGlobalSection
EndGlobal
